
Microsoft Visual Studio Solution File, Format Version 12.00
# Visual Studio Version 17
VisualStudioVersion = 17.9.34622.214
MinimumVisualStudioVersion = 10.0.40219.1
Project("{FAE04EC0-301F-11D3-BF4B-00C04F79EFBC}") = "SnapEventCliente", "SnapEventCliente\SnapEventCliente.csproj", "{38CC32E4-B91B-4A74-B970-6EA72418D897}"
EndProject
Project("{FAE04EC0-301F-11D3-BF4B-00C04F79EFBC}") = "SnapEventServidor", "SnapEventServidor\SnapEventServidor.csproj", "{C85B71B4-B5DE-45CB-9A9F-DBBBC316AD3E}"
EndProject
Global
	GlobalSection(SolutionConfigurationPlatforms) = preSolution
		Debug|Any CPU = Debug|Any CPU
		Release|Any CPU = Release|Any CPU
	EndGlobalSection
	GlobalSection(ProjectConfigurationPlatforms) = postSolution
		{38CC32E4-B91B-4A74-B970-6EA72418D897}.Debug|Any CPU.ActiveCfg = Debug|Any CPU
		{38CC32E4-B91B-4A74-B970-6EA72418D897}.Debug|Any CPU.Build.0 = Debug|Any CPU
		{38CC32E4-B91B-4A74-B970-6EA72418D897}.Release|Any CPU.ActiveCfg = Release|Any CPU
		{38CC32E4-B91B-4A74-B970-6EA72418D897}.Release|Any CPU.Build.0 = Release|Any CPU
		{C85B71B4-B5DE-45CB-9A9F-DBBBC316AD3E}.Debug|Any CPU.ActiveCfg = Debug|Any CPU
		{C85B71B4-B5DE-45CB-9A9F-DBBBC316AD3E}.Debug|Any CPU.Build.0 = Debug|Any CPU
		{C85B71B4-B5DE-45CB-9A9F-DBBBC316AD3E}.Release|Any CPU.ActiveCfg = Release|Any CPU
		{C85B71B4-B5DE-45CB-9A9F-DBBBC316AD3E}.Release|Any CPU.Build.0 = Release|Any CPU
	EndGlobalSection
	GlobalSection(SolutionProperties) = preSolution
		HideSolutionNode = FALSE
	EndGlobalSection
	GlobalSection(ExtensibilityGlobals) = postSolution
		SolutionGuid = {4939A3EC-A043-4987-B005-679B9137E54E}
	EndGlobalSection
EndGlobal
